
Microsoft Visual Studio Solution File, Format Version 12.00
# Visual Studio Version 16
VisualStudioVersion = 16.0.31019.35
MinimumVisualStudioVersion = 10.0.40219.1
Project("{FAE04EC0-301F-11D3-BF4B-00C04F79EFBC}") = "Loja_games", "Loja_games\Loja_games.csproj", "{4FEE2518-AC7D-45B3-89A1-E4E4270A2A4E}"
EndProject
Global
	GlobalSection(SolutionConfigurationPlatforms) = preSolution
		Debug|Any CPU = Debug|Any CPU
		Release|Any CPU = Release|Any CPU
	EndGlobalSection
	GlobalSection(ProjectConfigurationPlatforms) = postSolution
		{4FEE2518-AC7D-45B3-89A1-E4E4270A2A4E}.Debug|Any CPU.ActiveCfg = Debug|Any CPU
		{4FEE2518-AC7D-45B3-89A1-E4E4270A2A4E}.Debug|Any CPU.Build.0 = Debug|Any CPU
		{4FEE2518-AC7D-45B3-89A1-E4E4270A2A4E}.Release|Any CPU.ActiveCfg = Release|Any CPU
		{4FEE2518-AC7D-45B3-89A1-E4E4270A2A4E}.Release|Any CPU.Build.0 = Release|Any CPU
	EndGlobalSection
	GlobalSection(SolutionProperties) = preSolution
		HideSolutionNode = FALSE
	EndGlobalSection
	GlobalSection(ExtensibilityGlobals) = postSolution
		SolutionGuid = {6C389A25-5C67-476A-9A18-E6366F5E29AF}
	EndGlobalSection
EndGlobal
